// !$*UTF8*$!
{
	archiveVersion = 1;
	classes = {
	};
	objectVersion = 56;
	objects = {

/* Begin PBXBuildFile section */
		0B2DD7D428FAB7ED006A9D71 /* NewsTableViewCell.swift in Sources */ = {isa = PBXBuildFile; fileRef = 0B2DD7D228FAB7ED006A9D71 /* NewsTableViewCell.swift */; };
		0B2DD7D528FAB7ED006A9D71 /* NewsTableViewCell.xib in Resources */ = {isa = PBXBuildFile; fileRef = 0B2DD7D328FAB7ED006A9D71 /* NewsTableViewCell.xib */; };
		0B3C090328FAF4AF00901FAC /* Realm in Frameworks */ = {isa = PBXBuildFile; productRef = 0B3C090228FAF4AF00901FAC /* Realm */; };
		0B3C090528FAF4AF00901FAC /* RealmSwift in Frameworks */ = {isa = PBXBuildFile; productRef = 0B3C090428FAF4AF00901FAC /* RealmSwift */; };
		0B3C090728FB0A3000901FAC /* FavoriteListViewController.swift in Sources */ = {isa = PBXBuildFile; fileRef = 0B3C090628FB0A3000901FAC /* FavoriteListViewController.swift */; };
		0B3C090928FB1C1300901FAC /* RealmModel.swift in Sources */ = {isa = PBXBuildFile; fileRef = 0B3C090828FB1C1300901FAC /* RealmModel.swift */; };
		0B5FECAC28FCA6450022FD30 /* FilterModel.swift in Sources */ = {isa = PBXBuildFile; fileRef = 0B5FECAB28FCA6450022FD30 /* FilterModel.swift */; };
		0B5FECAF28FCB1330022FD30 /* FilterData.swift in Sources */ = {isa = PBXBuildFile; fileRef = 0B5FECAE28FCB1330022FD30 /* FilterData.swift */; };
		0B8F41AC28FAD01A003FFEFA /* WebViewController.swift in Sources */ = {isa = PBXBuildFile; fileRef = 0B8F41AB28FAD01A003FFEFA /* WebViewController.swift */; };
		0B95E63C28F9B45A00DC4158 /* AppDelegate.swift in Sources */ = {isa = PBXBuildFile; fileRef = 0B95E63B28F9B45A00DC4158 /* AppDelegate.swift */; };
		0B95E63E28F9B45A00DC4158 /* SceneDelegate.swift in Sources */ = {isa = PBXBuildFile; fileRef = 0B95E63D28F9B45A00DC4158 /* SceneDelegate.swift */; };
		0B95E64028F9B45A00DC4158 /* MainViewController.swift in Sources */ = {isa = PBXBuildFile; fileRef = 0B95E63F28F9B45A00DC4158 /* MainViewController.swift */; };
		0B95E64328F9B45A00DC4158 /* Main.storyboard in Resources */ = {isa = PBXBuildFile; fileRef = 0B95E64128F9B45A00DC4158 /* Main.storyboard */; };
		0B95E64528F9B45C00DC4158 /* Assets.xcassets in Resources */ = {isa = PBXBuildFile; fileRef = 0B95E64428F9B45C00DC4158 /* Assets.xcassets */; };
		0B95E64828F9B45C00DC4158 /* LaunchScreen.storyboard in Resources */ = {isa = PBXBuildFile; fileRef = 0B95E64628F9B45C00DC4158 /* LaunchScreen.storyboard */; };
		0B95E65028F9CA8300DC4158 /* APIModel.swift in Sources */ = {isa = PBXBuildFile; fileRef = 0B95E64F28F9CA8300DC4158 /* APIModel.swift */; };
		0B95E65228F9D0D900DC4158 /* APINetworkManager.swift in Sources */ = {isa = PBXBuildFile; fileRef = 0B95E65128F9D0D900DC4158 /* APINetworkManager.swift */; };
		0B95E65628FA885400DC4158 /* NetworkDataFetcher.swift in Sources */ = {isa = PBXBuildFile; fileRef = 0B95E65528FA885400DC4158 /* NetworkDataFetcher.swift */; };
/* End PBXBuildFile section */

/* Begin PBXFileReference section */
		0B2DD7D228FAB7ED006A9D71 /* NewsTableViewCell.swift */ = {isa = PBXFileReference; lastKnownFileType = sourcecode.swift; path = NewsTableViewCell.swift; sourceTree = "<group>"; };
		0B2DD7D328FAB7ED006A9D71 /* NewsTableViewCell.xib */ = {isa = PBXFileReference; lastKnownFileType = file.xib; path = NewsTableViewCell.xib; sourceTree = "<group>"; };
		0B3C090628FB0A3000901FAC /* FavoriteListViewController.swift */ = {isa = PBXFileReference; lastKnownFileType = sourcecode.swift; path = FavoriteListViewController.swift; sourceTree = "<group>"; };
		0B3C090828FB1C1300901FAC /* RealmModel.swift */ = {isa = PBXFileReference; lastKnownFileType = sourcecode.swift; path = RealmModel.swift; sourceTree = "<group>"; };
		0B5FECAB28FCA6450022FD30 /* FilterModel.swift */ = {isa = PBXFileReference; lastKnownFileType = sourcecode.swift; path = FilterModel.swift; sourceTree = "<group>"; };
		0B5FECAE28FCB1330022FD30 /* FilterData.swift */ = {isa = PBXFileReference; lastKnownFileType = sourcecode.swift; path = FilterData.swift; sourceTree = "<group>"; };
		0B8F41AB28FAD01A003FFEFA /* WebViewController.swift */ = {isa = PBXFileReference; lastKnownFileType = sourcecode.swift; path = WebViewController.swift; sourceTree = "<group>"; };
		0B95E63828F9B45A00DC4158 /* API TEST PECODE.app */ = {isa = PBXFileReference; explicitFileType = wrapper.application; includeInIndex = 0; path = "API TEST PECODE.app"; sourceTree = BUILT_PRODUCTS_DIR; };
		0B95E63B28F9B45A00DC4158 /* AppDelegate.swift */ = {isa = PBXFileReference; lastKnownFileType = sourcecode.swift; path = AppDelegate.swift; sourceTree = "<group>"; };
		0B95E63D28F9B45A00DC4158 /* SceneDelegate.swift */ = {isa = PBXFileReference; lastKnownFileType = sourcecode.swift; path = SceneDelegate.swift; sourceTree = "<group>"; };
		0B95E63F28F9B45A00DC4158 /* MainViewController.swift */ = {isa = PBXFileReference; lastKnownFileType = sourcecode.swift; path = MainViewController.swift; sourceTree = "<group>"; };
		0B95E64228F9B45A00DC4158 /* Base */ = {isa = PBXFileReference; lastKnownFileType = file.storyboard; name = Base; path = Base.lproj/Main.storyboard; sourceTree = "<group>"; };
		0B95E64428F9B45C00DC4158 /* Assets.xcassets */ = {isa = PBXFileReference; lastKnownFileType = folder.assetcatalog; path = Assets.xcassets; sourceTree = "<group>"; };
		0B95E64728F9B45C00DC4158 /* Base */ = {isa = PBXFileReference; lastKnownFileType = file.storyboard; name = Base; path = Base.lproj/LaunchScreen.storyboard; sourceTree = "<group>"; };
		0B95E64928F9B45C00DC4158 /* Info.plist */ = {isa = PBXFileReference; lastKnownFileType = text.plist.xml; path = Info.plist; sourceTree = "<group>"; };
		0B95E64F28F9CA8300DC4158 /* APIModel.swift */ = {isa = PBXFileReference; lastKnownFileType = sourcecode.swift; path = APIModel.swift; sourceTree = "<group>"; };
		0B95E65128F9D0D900DC4158 /* APINetworkManager.swift */ = {isa = PBXFileReference; lastKnownFileType = sourcecode.swift; path = APINetworkManager.swift; sourceTree = "<group>"; };
		0B95E65528FA885400DC4158 /* NetworkDataFetcher.swift */ = {isa = PBXFileReference; lastKnownFileType = sourcecode.swift; path = NetworkDataFetcher.swift; sourceTree = "<group>"; };
/* End PBXFileReference section */

/* Begin PBXFrameworksBuildPhase section */
		0B95E63528F9B45A00DC4158 /* Frameworks */ = {
			isa = PBXFrameworksBuildPhase;
			buildActionMask = 2147483647;
			files = (
				0B3C090528FAF4AF00901FAC /* RealmSwift in Frameworks */,
				0B3C090328FAF4AF00901FAC /* Realm in Frameworks */,
			);
			runOnlyForDeploymentPostprocessing = 0;
		};
/* End PBXFrameworksBuildPhase section */

/* Begin PBXGroup section */
		0B11DE6128FC3DA1005E928D /* View */ = {
			isa = PBXGroup;
			children = (
				0B95E63F28F9B45A00DC4158 /* MainViewController.swift */,
				0B8F41AB28FAD01A003FFEFA /* WebViewController.swift */,
				0B3C090628FB0A3000901FAC /* FavoriteListViewController.swift */,
			);
			path = View;
			sourceTree = "<group>";
		};
		0B2DD7D128FAB7A7006A9D71 /* Cell */ = {
			isa = PBXGroup;
			children = (
				0B2DD7D228FAB7ED006A9D71 /* NewsTableViewCell.swift */,
				0B2DD7D328FAB7ED006A9D71 /* NewsTableViewCell.xib */,
			);
			path = Cell;
			sourceTree = "<group>";
		};
		0B5FECAD28FCB10D0022FD30 /* Data */ = {
			isa = PBXGroup;
			children = (
				0B5FECAE28FCB1330022FD30 /* FilterData.swift */,
			);
			path = Data;
			sourceTree = "<group>";
		};
		0B5FECB028FCB4240022FD30 /* App */ = {
			isa = PBXGroup;
			children = (
				0B95E63B28F9B45A00DC4158 /* AppDelegate.swift */,
				0B95E63D28F9B45A00DC4158 /* SceneDelegate.swift */,
			);
			path = App;
			sourceTree = "<group>";
		};
		0B95E62F28F9B45A00DC4158 = {
			isa = PBXGroup;
			children = (
				0B95E63A28F9B45A00DC4158 /* API TEST PECODE */,
				0B95E63928F9B45A00DC4158 /* Products */,
			);
			sourceTree = "<group>";
		};
		0B95E63928F9B45A00DC4158 /* Products */ = {
			isa = PBXGroup;
			children = (
				0B95E63828F9B45A00DC4158 /* API TEST PECODE.app */,
			);
			name = Products;
			sourceTree = "<group>";
		};
		0B95E63A28F9B45A00DC4158 /* API TEST PECODE */ = {
			isa = PBXGroup;
			children = (
				0B5FECB028FCB4240022FD30 /* App */,
				0B2DD7D128FAB7A7006A9D71 /* Cell */,
				0B11DE6128FC3DA1005E928D /* View */,
				0B95E65328F9D7E800DC4158 /* Models */,
				0B5FECAD28FCB10D0022FD30 /* Data */,
				0B95E65428F9D80100DC4158 /* API */,
				0B95E64128F9B45A00DC4158 /* Main.storyboard */,
				0B95E64428F9B45C00DC4158 /* Assets.xcassets */,
				0B95E64628F9B45C00DC4158 /* LaunchScreen.storyboard */,
				0B95E64928F9B45C00DC4158 /* Info.plist */,
			);
			path = "API TEST PECODE";
			sourceTree = "<group>";
		};
		0B95E65328F9D7E800DC4158 /* Models */ = {
			isa = PBXGroup;
			children = (
				0B95E64F28F9CA8300DC4158 /* APIModel.swift */,
				0B3C090828FB1C1300901FAC /* RealmModel.swift */,
				0B5FECAB28FCA6450022FD30 /* FilterModel.swift */,
			);
			path = Models;
			sourceTree = "<group>";
		};
		0B95E65428F9D80100DC4158 /* API */ = {
			isa = PBXGroup;
			children = (
				0B95E65128F9D0D900DC4158 /* APINetworkManager.swift */,
				0B95E65528FA885400DC4158 /* NetworkDataFetcher.swift */,
			);
			path = API;
			sourceTree = "<group>";
		};
/* End PBXGroup section */

/* Begin PBXNativeTarget section */
		0B95E63728F9B45A00DC4158 /* API TEST PECODE */ = {
			isa = PBXNativeTarget;
			buildConfigurationList = 0B95E64C28F9B45C00DC4158 /* Build configuration list for PBXNativeTarget "API TEST PECODE" */;
			buildPhases = (
				0B95E63428F9B45A00DC4158 /* Sources */,
				0B95E63528F9B45A00DC4158 /* Frameworks */,
				0B95E63628F9B45A00DC4158 /* Resources */,
			);
			buildRules = (
			);
			dependencies = (
			);
			name = "API TEST PECODE";
			packageProductDependencies = (
				0B3C090228FAF4AF00901FAC /* Realm */,
				0B3C090428FAF4AF00901FAC /* RealmSwift */,
			);
			productName = "API TEST PECODE";
			productReference = 0B95E63828F9B45A00DC4158 /* API TEST PECODE.app */;
			productType = "com.apple.product-type.application";
		};
/* End PBXNativeTarget section */

/* Begin PBXProject section */
		0B95E63028F9B45A00DC4158 /* Project object */ = {
			isa = PBXProject;
			attributes = {
				BuildIndependentTargetsInParallel = 1;
				LastSwiftUpdateCheck = 1400;
				LastUpgradeCheck = 1400;
				TargetAttributes = {
					0B95E63728F9B45A00DC4158 = {
						CreatedOnToolsVersion = 14.0.1;
					};
				};
			};
			buildConfigurationList = 0B95E63328F9B45A00DC4158 /* Build configuration list for PBXProject "API TEST PECODE" */;
			compatibilityVersion = "Xcode 14.0";
			developmentRegion = en;
			hasScannedForEncodings = 0;
			knownRegions = (
				en,
				Base,
			);
			mainGroup = 0B95E62F28F9B45A00DC4158;
			packageReferences = (
				0B3C090128FAF4AF00901FAC /* XCRemoteSwiftPackageReference "realm-swift" */,
			);
			productRefGroup = 0B95E63928F9B45A00DC4158 /* Products */;
			projectDirPath = "";
			projectRoot = "";
			targets = (
				0B95E63728F9B45A00DC4158 /* API TEST PECODE */,
			);
		};
/* End PBXProject section */

/* Begin PBXResourcesBuildPhase section */
		0B95E63628F9B45A00DC4158 /* Resources */ = {
			isa = PBXResourcesBuildPhase;
			buildActionMask = 2147483647;
			files = (
				0B95E64828F9B45C00DC4158 /* LaunchScreen.storyboard in Resources */,
				0B95E64528F9B45C00DC4158 /* Assets.xcassets in Resources */,
				0B2DD7D528FAB7ED006A9D71 /* NewsTableViewCell.xib in Resources */,
				0B95E64328F9B45A00DC4158 /* Main.storyboard in Resources */,
			);
			runOnlyForDeploymentPostprocessing = 0;
		};
/* End PBXResourcesBuildPhase section */

/* Begin PBXSourcesBuildPhase section */
		0B95E63428F9B45A00DC4158 /* Sources */ = {
			isa = PBXSourcesBuildPhase;
			buildActionMask = 2147483647;
			files = (
				0B95E65028F9CA8300DC4158 /* APIModel.swift in Sources */,
				0B2DD7D428FAB7ED006A9D71 /* NewsTableViewCell.swift in Sources */,
				0B3C090728FB0A3000901FAC /* FavoriteListViewController.swift in Sources */,
				0B95E64028F9B45A00DC4158 /* MainViewController.swift in Sources */,
				0B95E65228F9D0D900DC4158 /* APINetworkManager.swift in Sources */,
				0B95E65628FA885400DC4158 /* NetworkDataFetcher.swift in Sources */,
				0B95E63C28F9B45A00DC4158 /* AppDelegate.swift in Sources */,
				0B5FECAF28FCB1330022FD30 /* FilterData.swift in Sources */,
				0B5FECAC28FCA6450022FD30 /* FilterModel.swift in Sources */,
				0B3C090928FB1C1300901FAC /* RealmModel.swift in Sources */,
				0B95E63E28F9B45A00DC4158 /* SceneDelegate.swift in Sources */,
				0B8F41AC28FAD01A003FFEFA /* WebViewController.swift in Sources */,
			);
			runOnlyForDeploymentPostprocessing = 0;
		};
/* End PBXSourcesBuildPhase section */

/* Begin PBXVariantGroup section */
		0B95E64128F9B45A00DC4158 /* Main.storyboard */ = {
			isa = PBXVariantGroup;
			children = (
				0B95E64228F9B45A00DC4158 /* Base */,
			);
			name = Main.storyboard;
			sourceTree = "<group>";
		};
		0B95E64628F9B45C00DC4158 /* LaunchScreen.storyboard */ = {
			isa = PBXVariantGroup;
			children = (
				0B95E64728F9B45C00DC4158 /* Base */,
			);
			name = LaunchScreen.storyboard;
			sourceTree = "<group>";
		};
/* End PBXVariantGroup section */

/* Begin XCBuildConfiguration section */
		0B95E64A28F9B45C00DC4158 /* Debug */ = {
			isa = XCBuildConfiguration;
			buildSettings = {
				ALWAYS_SEARCH_USER_PATHS = NO;
				CLANG_ANALYZER_NONNULL = YES;
				CLANG_ANALYZER_NUMBER_OBJECT_CONVERSION = YES_AGGRESSIVE;
				CLANG_CXX_LANGUAGE_STANDARD = "gnu++20";
				CLANG_ENABLE_MODULES = YES;
				CLANG_ENABLE_OBJC_ARC = YES;
				CLANG_ENABLE_OBJC_WEAK = YES;
				CLANG_WARN_BLOCK_CAPTURE_AUTORELEASING = YES;
				CLANG_WARN_BOOL_CONVERSION = YES;
				CLANG_WARN_COMMA = YES;
				CLANG_WARN_CONSTANT_CONVERSION = YES;
				CLANG_WARN_DEPRECATED_OBJC_IMPLEMENTATIONS = YES;
				CLANG_WARN_DIRECT_OBJC_ISA_USAGE = YES_ERROR;
				CLANG_WARN_DOCUMENTATION_COMMENTS = YES;
				CLANG_WARN_EMPTY_BODY = YES;
				CLANG_WARN_ENUM_CONVERSION = YES;
				CLANG_WARN_INFINITE_RECURSION = YES;
				CLANG_WARN_INT_CONVERSION = YES;
				CLANG_WARN_NON_LITERAL_NULL_CONVERSION = YES;
				CLANG_WARN_OBJC_IMPLICIT_RETAIN_SELF = YES;
				CLANG_WARN_OBJC_LITERAL_CONVERSION = YES;
				CLANG_WARN_OBJC_ROOT_CLASS = YES_ERROR;
				CLANG_WARN_QUOTED_INCLUDE_IN_FRAMEWORK_HEADER = YES;
				CLANG_WARN_RANGE_LOOP_ANALYSIS = YES;
				CLANG_WARN_STRICT_PROTOTYPES = YES;
				CLANG_WARN_SUSPICIOUS_MOVE = YES;
				CLANG_WARN_UNGUARDED_AVAILABILITY = YES_AGGRESSIVE;
				CLANG_WARN_UNREACHABLE_CODE = YES;
				CLANG_WARN__DUPLICATE_METHOD_MATCH = YES;
				COPY_PHASE_STRIP = NO;
				DEBUG_INFORMATION_FORMAT = dwarf;
				ENABLE_STRICT_OBJC_MSGSEND = YES;
				ENABLE_TESTABILITY = YES;
				GCC_C_LANGUAGE_STANDARD = gnu11;
				GCC_DYNAMIC_NO_PIC = NO;
				GCC_NO_COMMON_BLOCKS = YES;
				GCC_OPTIMIZATION_LEVEL = 0;
				GCC_PREPROCESSOR_DEFINITIONS = (
					"DEBUG=1",
					"$(inherited)",
				);
				GCC_WARN_64_TO_32_BIT_CONVERSION = YES;
				GCC_WARN_ABOUT_RETURN_TYPE = YES_ERROR;
				GCC_WARN_UNDECLARED_SELECTOR = YES;
				GCC_WARN_UNINITIALIZED_AUTOS = YES_AGGRESSIVE;
				GCC_WARN_UNUSED_FUNCTION = YES;
				GCC_WARN_UNUSED_VARIABLE = YES;
				IPHONEOS_DEPLOYMENT_TARGET = 16.0;
				MTL_ENABLE_DEBUG_INFO = INCLUDE_SOURCE;
				MTL_FAST_MATH = YES;
				ONLY_ACTIVE_ARCH = YES;
				SDKROOT = iphoneos;
				SWIFT_ACTIVE_COMPILATION_CONDITIONS = DEBUG;
				SWIFT_OPTIMIZATION_LEVEL = "-Onone";
			};
			name = Debug;
		};
		0B95E64B28F9B45C00DC4158 /* Release */ = {
			isa = XCBuildConfiguration;
			buildSettings = {
				ALWAYS_SEARCH_USER_PATHS = NO;
				CLANG_ANALYZER_NONNULL = YES;
				CLANG_ANALYZER_NUMBER_OBJECT_CONVERSION = YES_AGGRESSIVE;
				CLANG_CXX_LANGUAGE_STANDARD = "gnu++20";
				CLANG_ENABLE_MODULES = YES;
				CLANG_ENABLE_OBJC_ARC = YES;
				CLANG_ENABLE_OBJC_WEAK = YES;
				CLANG_WARN_BLOCK_CAPTURE_AUTORELEASING = YES;
				CLANG_WARN_BOOL_CONVERSION = YES;
				CLANG_WARN_COMMA = YES;
				CLANG_WARN_CONSTANT_CONVERSION = YES;
				CLANG_WARN_DEPRECATED_OBJC_IMPLEMENTATIONS = YES;
				CLANG_WARN_DIRECT_OBJC_ISA_USAGE = YES_ERROR;
				CLANG_WARN_DOCUMENTATION_COMMENTS = YES;
				CLANG_WARN_EMPTY_BODY = YES;
				CLANG_WARN_ENUM_CONVERSION = YES;
				CLANG_WARN_INFINITE_RECURSION = YES;
				CLANG_WARN_INT_CONVERSION = YES;
				CLANG_WARN_NON_LITERAL_NULL_CONVERSION = YES;
				CLANG_WARN_OBJC_IMPLICIT_RETAIN_SELF = YES;
				CLANG_WARN_OBJC_LITERAL_CONVERSION = YES;
				CLANG_WARN_OBJC_ROOT_CLASS = YES_ERROR;
				CLANG_WARN_QUOTED_INCLUDE_IN_FRAMEWORK_HEADER = YES;
				CLANG_WARN_RANGE_LOOP_ANALYSIS = YES;
				CLANG_WARN_STRICT_PROTOTYPES = YES;
				CLANG_WARN_SUSPICIOUS_MOVE = YES;
				CLANG_WARN_UNGUARDED_AVAILABILITY = YES_AGGRESSIVE;
				CLANG_WARN_UNREACHABLE_CODE = YES;
				CLANG_WARN__DUPLICATE_METHOD_MATCH = YES;
				COPY_PHASE_STRIP = NO;
				DEBUG_INFORMATION_FORMAT = "dwarf-with-dsym";
				ENABLE_NS_ASSERTIONS = NO;
				ENABLE_STRICT_OBJC_MSGSEND = YES;
				GCC_C_LANGUAGE_STANDARD = gnu11;
				GCC_NO_COMMON_BLOCKS = YES;
				GCC_WARN_64_TO_32_BIT_CONVERSION = YES;
				GCC_WARN_ABOUT_RETURN_TYPE = YES_ERROR;
				GCC_WARN_UNDECLARED_SELECTOR = YES;
				GCC_WARN_UNINITIALIZED_AUTOS = YES_AGGRESSIVE;
				GCC_WARN_UNUSED_FUNCTION = YES;
				GCC_WARN_UNUSED_VARIABLE = YES;
				IPHONEOS_DEPLOYMENT_TARGET = 16.0;
				MTL_ENABLE_DEBUG_INFO = NO;
				MTL_FAST_MATH = YES;
				SDKROOT = iphoneos;
				SWIFT_COMPILATION_MODE = wholemodule;
				SWIFT_OPTIMIZATION_LEVEL = "-O";
				VALIDATE_PRODUCT = YES;
			};
			name = Release;
		};
		0B95E64D28F9B45C00DC4158 /* Debug */ = {
			isa = XCBuildConfiguration;
			buildSettings = {
				ASSETCATALOG_COMPILER_APPICON_NAME = AppIcon;
				ASSETCATALOG_COMPILER_GLOBAL_ACCENT_COLOR_NAME = AccentColor;
				CODE_SIGN_STYLE = Automatic;
				CURRENT_PROJECT_VERSION = 1;
				DEVELOPMENT_TEAM = FVH8LPWG75;
				GENERATE_INFOPLIST_FILE = YES;
				INFOPLIST_FILE = "API TEST PECODE/Info.plist";
				INFOPLIST_KEY_UIApplicationSupportsIndirectInputEvents = YES;
				INFOPLIST_KEY_UILaunchStoryboardName = LaunchScreen;
				INFOPLIST_KEY_UIMainStoryboardFile = Main;
				INFOPLIST_KEY_UISupportedInterfaceOrientations = UIInterfaceOrientationPortrait;
				IPHONEOS_DEPLOYMENT_TARGET = 14.0;
				LD_RUNPATH_SEARCH_PATHS = (
					"$(inherited)",
					"@executable_path/Frameworks",
				);
				MARKETING_VERSION = 1.0;
				PRODUCT_BUNDLE_IDENTIFIER = "com.alekseienko.API-TEST-PECODE";
				PRODUCT_NAME = "$(TARGET_NAME)";
				SWIFT_EMIT_LOC_STRINGS = YES;
				SWIFT_VERSION = 5.0;
				TARGETED_DEVICE_FAMILY = "1,2";
			};
			name = Debug;
		};
		0B95E64E28F9B45C00DC4158 /* Release */ = {
			isa = XCBuildConfiguration;
			buildSettings = {
				ASSETCATALOG_COMPILER_APPICON_NAME = AppIcon;
				ASSETCATALOG_COMPILER_GLOBAL_ACCENT_COLOR_NAME = AccentColor;
				CODE_SIGN_STYLE = Automatic;
				CURRENT_PROJECT_VERSION = 1;
				DEVELOPMENT_TEAM = FVH8LPWG75;
				GENERATE_INFOPLIST_FILE = YES;
				INFOPLIST_FILE = "API TEST PECODE/Info.plist";
				INFOPLIST_KEY_UIApplicationSupportsIndirectInputEvents = YES;
				INFOPLIST_KEY_UILaunchStoryboardName = LaunchScreen;
				INFOPLIST_KEY_UIMainStoryboardFile = Main;
				INFOPLIST_KEY_UISupportedInterfaceOrientations = UIInterfaceOrientationPortrait;
				IPHONEOS_DEPLOYMENT_TARGET = 14.0;
				LD_RUNPATH_SEARCH_PATHS = (
					"$(inherited)",
					"@executable_path/Frameworks",
				);
				MARKETING_VERSION = 1.0;
				PRODUCT_BUNDLE_IDENTIFIER = "com.alekseienko.API-TEST-PECODE";
				PRODUCT_NAME = "$(TARGET_NAME)";
				SWIFT_EMIT_LOC_STRINGS = YES;
				SWIFT_VERSION = 5.0;
				TARGETED_DEVICE_FAMILY = "1,2";
			};
			name = Release;
		};
/* End XCBuildConfiguration section */

/* Begin XCConfigurationList section */
		0B95E63328F9B45A00DC4158 /* Build configuration list for PBXProject "API TEST PECODE" */ = {
			isa = XCConfigurationList;
			buildConfigurations = (
				0B95E64A28F9B45C00DC4158 /* Debug */,
				0B95E64B28F9B45C00DC4158 /* Release */,
			);
			defaultConfigurationIsVisible = 0;
			defaultConfigurationName = Release;
		};
		0B95E64C28F9B45C00DC4158 /* Build configuration list for PBXNativeTarget "API TEST PECODE" */ = {
			isa = XCConfigurationList;
			buildConfigurations = (
				0B95E64D28F9B45C00DC4158 /* Debug */,
				0B95E64E28F9B45C00DC4158 /* Release */,
			);
			defaultConfigurationIsVisible = 0;
			defaultConfigurationName = Release;
		};
/* End XCConfigurationList section */

/* Begin XCRemoteSwiftPackageReference section */
		0B3C090128FAF4AF00901FAC /* XCRemoteSwiftPackageReference "realm-swift" */ = {
			isa = XCRemoteSwiftPackageReference;
			repositoryURL = "https://github.com/realm/realm-swift";
			requirement = {
				branch = master;
				kind = branch;
			};
		};
/* End XCRemoteSwiftPackageReference section */

/* Begin XCSwiftPackageProductDependency section */
		0B3C090228FAF4AF00901FAC /* Realm */ = {
			isa = XCSwiftPackageProductDependency;
			package = 0B3C090128FAF4AF00901FAC /* XCRemoteSwiftPackageReference "realm-swift" */;
			productName = Realm;
		};
		0B3C090428FAF4AF00901FAC /* RealmSwift */ = {
			isa = XCSwiftPackageProductDependency;
			package = 0B3C090128FAF4AF00901FAC /* XCRemoteSwiftPackageReference "realm-swift" */;
			productName = RealmSwift;
		};
/* End XCSwiftPackageProductDependency section */
	};
	rootObject = 0B95E63028F9B45A00DC4158 /* Project object */;
}
